
Microsoft Visual Studio Solution File, Format Version 12.00
# Visual Studio Version 17
VisualStudioVersion = 17.0.32112.339
MinimumVisualStudioVersion = 10.0.40219.1
Project("{FAE04EC0-301F-11D3-BF4B-00C04F79EFBC}") = "SimpleMenu2", "SimpleMenu2\SimpleMenu2.csproj", "{83890C61-511B-41E4-BA44-A09AC51B3BEF}"
EndProject
Global
	GlobalSection(SolutionConfigurationPlatforms) = preSolution
		Debug|Any CPU = Debug|Any CPU
		Release|Any CPU = Release|Any CPU
	EndGlobalSection
	GlobalSection(ProjectConfigurationPlatforms) = postSolution
		{83890C61-511B-41E4-BA44-A09AC51B3BEF}.Debug|Any CPU.ActiveCfg = Debug|Any CPU
		{83890C61-511B-41E4-BA44-A09AC51B3BEF}.Debug|Any CPU.Build.0 = Debug|Any CPU
		{83890C61-511B-41E4-BA44-A09AC51B3BEF}.Release|Any CPU.ActiveCfg = Release|Any CPU
		{83890C61-511B-41E4-BA44-A09AC51B3BEF}.Release|Any CPU.Build.0 = Release|Any CPU
	EndGlobalSection
	GlobalSection(SolutionProperties) = preSolution
		HideSolutionNode = FALSE
	EndGlobalSection
	GlobalSection(ExtensibilityGlobals) = postSolution
		SolutionGuid = {3AA1D6E9-C174-4406-95E5-136E2E938C95}
	EndGlobalSection
EndGlobal
